{
  "name": "mergejson",
  "version": "1.0.30",
  "lockfileVersion": 1,
  "requires": true,
  "dependencies": {
    "assert": {
      "version": "1.4.1",
      "resolved": "https://registry.npmjs.org/assert/-/assert-1.4.1.tgz",
      "integrity": "sha1-mZEtWRg2tab1s0XA8H7vwI/GXZE=",
      "dev": true,
      "requires": {
        "util": "0.10.3"
      }
    },
    "combine-lists": {
      "version": "https://github.com/jonathankeebler/combine-lists/tarball/master",
      "integrity": "sha512-wSFF56eTrTXJ2veUgpvMUx99yxKf+OV3V65pRwIsCwQeAe8ud1ObzVbvBVvzfHydMan8F+kAanQOjs0FkwPPIw==",
      "requires": {
        "lodash": "4.17.5",
        "object-hash": "1.2.0"
      }
    },
    "deepcopy": {
      "version": "0.6.3",
      "resolved": "https://registry.npmjs.org/deepcopy/-/deepcopy-0.6.3.tgz",
      "integrity": "sha1-Y0eA8vhlardxr4+oQx7RzO5Vx7A="
    },
    "inherits": {
      "version": "2.0.1",
      "resolved": "https://registry.npmjs.org/inherits/-/inherits-2.0.1.tgz",
      "integrity": "sha1-sX0I0ya0Qj5Wjv9xn5GwscvfafE=",
      "dev": true
    },
    "lodash": {
      "version": "4.17.5",
      "resolved": "https://registry.npmjs.org/lodash/-/lodash-4.17.5.tgz",
      "integrity": "sha512-svL3uiZf1RwhH+cWrfZn3A4+U58wbP0tGVTLQPbjplZxZ8ROD9VLuNgsRniTlLe7OlSqR79RUehXgpBW/s0IQw=="
    },
    "object-hash": {
      "version": "1.2.0",
      "resolved": "https://registry.npmjs.org/object-hash/-/object-hash-1.2.0.tgz",
      "integrity": "sha512-smRWXzkvxw72VquyZ0wggySl7PFUtoDhvhpdwgESXxUrH7vVhhp9asfup1+rVLrhsl7L45Ee1Q/l5R2Ul4MwUg=="
    },
    "should": {
      "version": "11.2.1",
      "resolved": "https://registry.npmjs.org/should/-/should-11.2.1.tgz",
      "integrity": "sha1-kPVRRVUtAc/CAGZuToGKHJZw7aI=",
      "dev": true,
      "requires": {
        "should-equal": "1.0.1",
        "should-format": "3.0.3",
        "should-type": "1.4.0",
        "should-type-adaptors": "1.1.0",
        "should-util": "1.0.0"
      }
    },
    "should-equal": {
      "version": "1.0.1",
      "resolved": "https://registry.npmjs.org/should-equal/-/should-equal-1.0.1.tgz",
      "integrity": "sha1-C26VFvJgGp+wuy3MNpr6HH4gCvc=",
      "dev": true,
      "requires": {
        "should-type": "1.4.0"
      }
    },
    "should-format": {
      "version": "3.0.3",
      "resolved": "https://registry.npmjs.org/should-format/-/should-format-3.0.3.tgz",
      "integrity": "sha1-m/yPdPo5IFxT04w01xcwPidxJPE=",
      "dev": true,
      "requires": {
        "should-type": "1.4.0",
        "should-type-adaptors": "1.1.0"
      }
    },
    "should-type": {
      "version": "1.4.0",
      "resolved": "https://registry.npmjs.org/should-type/-/should-type-1.4.0.tgz",
      "integrity": "sha1-B1bYzoRt/QmEOmlHcZ36DUz/XPM=",
      "dev": true
    },
    "should-type-adaptors": {
      "version": "1.1.0",
      "resolved": "https://registry.npmjs.org/should-type-adaptors/-/should-type-adaptors-1.1.0.tgz",
      "integrity": "sha512-JA4hdoLnN+kebEp2Vs8eBe9g7uy0zbRo+RMcU0EsNy+R+k049Ki+N5tT5Jagst2g7EAja+euFuoXFCa8vIklfA==",
      "dev": true,
      "requires": {
        "should-type": "1.4.0",
        "should-util": "1.0.0"
      }
    },
    "should-util": {
      "version": "1.0.0",
      "resolved": "https://registry.npmjs.org/should-util/-/should-util-1.0.0.tgz",
      "integrity": "sha1-yYzaN0qmsZDfi6h8mInCtNtiAGM=",
      "dev": true
    },
    "util": {
      "version": "0.10.3",
      "resolved": "https://registry.npmjs.org/util/-/util-0.10.3.tgz",
      "integrity": "sha1-evsa/lCAUkZInj23/g7TeTNqwPk=",
      "dev": true,
      "requires": {
        "inherits": "2.0.1"
      }
    }
  }
}
